// !$*UTF8*$!
{
	archiveVersion = 1;
	classes = {
	};
	objectVersion = 56;
	objects = {

/* Begin PBXBuildFile section */
		19744BE82AF2792B0072ADF7 /* AdventCalendar2023App.swift in Sources */ = {isa = PBXBuildFile; fileRef = 19744BE72AF2792B0072ADF7 /* AdventCalendar2023App.swift */; };
		19744BEA2AF2792B0072ADF7 /* ContentView.swift in Sources */ = {isa = PBXBuildFile; fileRef = 19744BE92AF2792B0072ADF7 /* ContentView.swift */; };
		19744BEC2AF2792B0072ADF7 /* Todo.swift in Sources */ = {isa = PBXBuildFile; fileRef = 19744BEB2AF2792B0072ADF7 /* Todo.swift */; };
		19744BEE2AF2792C0072ADF7 /* Assets.xcassets in Resources */ = {isa = PBXBuildFile; fileRef = 19744BED2AF2792C0072ADF7 /* Assets.xcassets */; };
		19744BF22AF2792C0072ADF7 /* Preview Assets.xcassets in Resources */ = {isa = PBXBuildFile; fileRef = 19744BF12AF2792C0072ADF7 /* Preview Assets.xcassets */; };
		19744BFC2AF2792C0072ADF7 /* AdventCalendar2023Tests.swift in Sources */ = {isa = PBXBuildFile; fileRef = 19744BFB2AF2792C0072ADF7 /* AdventCalendar2023Tests.swift */; };
		19744C062AF2792C0072ADF7 /* AdventCalendar2023UITests.swift in Sources */ = {isa = PBXBuildFile; fileRef = 19744C052AF2792C0072ADF7 /* AdventCalendar2023UITests.swift */; };
		19744C082AF2792C0072ADF7 /* AdventCalendar2023UITestsLaunchTests.swift in Sources */ = {isa = PBXBuildFile; fileRef = 19744C072AF2792C0072ADF7 /* AdventCalendar2023UITestsLaunchTests.swift */; };
		19C0AB812AF31561000277B1 /* TodoController.swift in Sources */ = {isa = PBXBuildFile; fileRef = 19C0AB802AF31561000277B1 /* TodoController.swift */; };
		19C0AB832AF31A4E000277B1 /* DetailView.swift in Sources */ = {isa = PBXBuildFile; fileRef = 19C0AB822AF31A4E000277B1 /* DetailView.swift */; };
/* End PBXBuildFile section */

/* Begin PBXContainerItemProxy section */
		19744BF82AF2792C0072ADF7 /* PBXContainerItemProxy */ = {
			isa = PBXContainerItemProxy;
			containerPortal = 19744BDC2AF2792B0072ADF7 /* Project object */;
			proxyType = 1;
			remoteGlobalIDString = 19744BE32AF2792B0072ADF7;
			remoteInfo = AdventCalendar2023;
		};
		19744C022AF2792C0072ADF7 /* PBXContainerItemProxy */ = {
			isa = PBXContainerItemProxy;
			containerPortal = 19744BDC2AF2792B0072ADF7 /* Project object */;
			proxyType = 1;
			remoteGlobalIDString = 19744BE32AF2792B0072ADF7;
			remoteInfo = AdventCalendar2023;
		};
/* End PBXContainerItemProxy section */

/* Begin PBXFileReference section */
		19744BE42AF2792B0072ADF7 /* AdventCalendar2023.app */ = {isa = PBXFileReference; explicitFileType = wrapper.application; includeInIndex = 0; path = AdventCalendar2023.app; sourceTree = BUILT_PRODUCTS_DIR; };
		19744BE72AF2792B0072ADF7 /* AdventCalendar2023App.swift */ = {isa = PBXFileReference; lastKnownFileType = sourcecode.swift; path = AdventCalendar2023App.swift; sourceTree = "<group>"; };
		19744BE92AF2792B0072ADF7 /* ContentView.swift */ = {isa = PBXFileReference; lastKnownFileType = sourcecode.swift; path = ContentView.swift; sourceTree = "<group>"; };
		19744BEB2AF2792B0072ADF7 /* Todo.swift */ = {isa = PBXFileReference; lastKnownFileType = sourcecode.swift; path = Todo.swift; sourceTree = "<group>"; };
		19744BED2AF2792C0072ADF7 /* Assets.xcassets */ = {isa = PBXFileReference; lastKnownFileType = folder.assetcatalog; path = Assets.xcassets; sourceTree = "<group>"; };
		19744BEF2AF2792C0072ADF7 /* AdventCalendar2023.entitlements */ = {isa = PBXFileReference; lastKnownFileType = text.plist.entitlements; path = AdventCalendar2023.entitlements; sourceTree = "<group>"; };
		19744BF12AF2792C0072ADF7 /* Preview Assets.xcassets */ = {isa = PBXFileReference; lastKnownFileType = folder.assetcatalog; path = "Preview Assets.xcassets"; sourceTree = "<group>"; };
		19744BF72AF2792C0072ADF7 /* AdventCalendar2023Tests.xctest */ = {isa = PBXFileReference; explicitFileType = wrapper.cfbundle; includeInIndex = 0; path = AdventCalendar2023Tests.xctest; sourceTree = BUILT_PRODUCTS_DIR; };
		19744BFB2AF2792C0072ADF7 /* AdventCalendar2023Tests.swift */ = {isa = PBXFileReference; lastKnownFileType = sourcecode.swift; path = AdventCalendar2023Tests.swift; sourceTree = "<group>"; };
		19744C012AF2792C0072ADF7 /* AdventCalendar2023UITests.xctest */ = {isa = PBXFileReference; explicitFileType = wrapper.cfbundle; includeInIndex = 0; path = AdventCalendar2023UITests.xctest; sourceTree = BUILT_PRODUCTS_DIR; };
		19744C052AF2792C0072ADF7 /* AdventCalendar2023UITests.swift */ = {isa = PBXFileReference; lastKnownFileType = sourcecode.swift; path = AdventCalendar2023UITests.swift; sourceTree = "<group>"; };
		19744C072AF2792C0072ADF7 /* AdventCalendar2023UITestsLaunchTests.swift */ = {isa = PBXFileReference; lastKnownFileType = sourcecode.swift; path = AdventCalendar2023UITestsLaunchTests.swift; sourceTree = "<group>"; };
		19C0AB802AF31561000277B1 /* TodoController.swift */ = {isa = PBXFileReference; lastKnownFileType = sourcecode.swift; path = TodoController.swift; sourceTree = "<group>"; };
		19C0AB822AF31A4E000277B1 /* DetailView.swift */ = {isa = PBXFileReference; lastKnownFileType = sourcecode.swift; path = DetailView.swift; sourceTree = "<group>"; };
/* End PBXFileReference section */

/* Begin PBXFrameworksBuildPhase section */
		19744BE12AF2792B0072ADF7 /* Frameworks */ = {
			isa = PBXFrameworksBuildPhase;
			buildActionMask = 2147483647;
			files = (
			);
			runOnlyForDeploymentPostprocessing = 0;
		};
		19744BF42AF2792C0072ADF7 /* Frameworks */ = {
			isa = PBXFrameworksBuildPhase;
			buildActionMask = 2147483647;
			files = (
			);
			runOnlyForDeploymentPostprocessing = 0;
		};
		19744BFE2AF2792C0072ADF7 /* Frameworks */ = {
			isa = PBXFrameworksBuildPhase;
			buildActionMask = 2147483647;
			files = (
			);
			runOnlyForDeploymentPostprocessing = 0;
		};
/* End PBXFrameworksBuildPhase section */

/* Begin PBXGroup section */
		19744BDB2AF2792B0072ADF7 = {
			isa = PBXGroup;
			children = (
				19744BE62AF2792B0072ADF7 /* AdventCalendar2023 */,
				19744BFA2AF2792C0072ADF7 /* AdventCalendar2023Tests */,
				19744C042AF2792C0072ADF7 /* AdventCalendar2023UITests */,
				19744BE52AF2792B0072ADF7 /* Products */,
			);
			sourceTree = "<group>";
		};
		19744BE52AF2792B0072ADF7 /* Products */ = {
			isa = PBXGroup;
			children = (
				19744BE42AF2792B0072ADF7 /* AdventCalendar2023.app */,
				19744BF72AF2792C0072ADF7 /* AdventCalendar2023Tests.xctest */,
				19744C012AF2792C0072ADF7 /* AdventCalendar2023UITests.xctest */,
			);
			name = Products;
			sourceTree = "<group>";
		};
		19744BE62AF2792B0072ADF7 /* AdventCalendar2023 */ = {
			isa = PBXGroup;
			children = (
				19744BE72AF2792B0072ADF7 /* AdventCalendar2023App.swift */,
				19744BEB2AF2792B0072ADF7 /* Todo.swift */,
				19C0AB802AF31561000277B1 /* TodoController.swift */,
				19C0AB842AF31F3F000277B1 /* Ex1 */,
				19744BED2AF2792C0072ADF7 /* Assets.xcassets */,
				19744BEF2AF2792C0072ADF7 /* AdventCalendar2023.entitlements */,
				19744BF02AF2792C0072ADF7 /* Preview Content */,
			);
			path = AdventCalendar2023;
			sourceTree = "<group>";
		};
		19744BF02AF2792C0072ADF7 /* Preview Content */ = {
			isa = PBXGroup;
			children = (
				19744BF12AF2792C0072ADF7 /* Preview Assets.xcassets */,
			);
			path = "Preview Content";
			sourceTree = "<group>";
		};
		19744BFA2AF2792C0072ADF7 /* AdventCalendar2023Tests */ = {
			isa = PBXGroup;
			children = (
				19744BFB2AF2792C0072ADF7 /* AdventCalendar2023Tests.swift */,
			);
			path = AdventCalendar2023Tests;
			sourceTree = "<group>";
		};
		19744C042AF2792C0072ADF7 /* AdventCalendar2023UITests */ = {
			isa = PBXGroup;
			children = (
				19744C052AF2792C0072ADF7 /* AdventCalendar2023UITests.swift */,
				19744C072AF2792C0072ADF7 /* AdventCalendar2023UITestsLaunchTests.swift */,
			);
			path = AdventCalendar2023UITests;
			sourceTree = "<group>";
		};
		19C0AB842AF31F3F000277B1 /* Ex1 */ = {
			isa = PBXGroup;
			children = (
				19744BE92AF2792B0072ADF7 /* ContentView.swift */,
				19C0AB822AF31A4E000277B1 /* DetailView.swift */,
			);
			path = Ex1;
			sourceTree = "<group>";
		};
/* End PBXGroup section */

/* Begin PBXNativeTarget section */
		19744BE32AF2792B0072ADF7 /* AdventCalendar2023 */ = {
			isa = PBXNativeTarget;
			buildConfigurationList = 19744C0B2AF2792C0072ADF7 /* Build configuration list for PBXNativeTarget "AdventCalendar2023" */;
			buildPhases = (
				19744BE02AF2792B0072ADF7 /* Sources */,
				19744BE12AF2792B0072ADF7 /* Frameworks */,
				19744BE22AF2792B0072ADF7 /* Resources */,
			);
			buildRules = (
			);
			dependencies = (
			);
			name = AdventCalendar2023;
			productName = AdventCalendar2023;
			productReference = 19744BE42AF2792B0072ADF7 /* AdventCalendar2023.app */;
			productType = "com.apple.product-type.application";
		};
		19744BF62AF2792C0072ADF7 /* AdventCalendar2023Tests */ = {
			isa = PBXNativeTarget;
			buildConfigurationList = 19744C0E2AF2792C0072ADF7 /* Build configuration list for PBXNativeTarget "AdventCalendar2023Tests" */;
			buildPhases = (
				19744BF32AF2792C0072ADF7 /* Sources */,
				19744BF42AF2792C0072ADF7 /* Frameworks */,
				19744BF52AF2792C0072ADF7 /* Resources */,
			);
			buildRules = (
			);
			dependencies = (
				19744BF92AF2792C0072ADF7 /* PBXTargetDependency */,
			);
			name = AdventCalendar2023Tests;
			productName = AdventCalendar2023Tests;
			productReference = 19744BF72AF2792C0072ADF7 /* AdventCalendar2023Tests.xctest */;
			productType = "com.apple.product-type.bundle.unit-test";
		};
		19744C002AF2792C0072ADF7 /* AdventCalendar2023UITests */ = {
			isa = PBXNativeTarget;
			buildConfigurationList = 19744C112AF2792C0072ADF7 /* Build configuration list for PBXNativeTarget "AdventCalendar2023UITests" */;
			buildPhases = (
				19744BFD2AF2792C0072ADF7 /* Sources */,
				19744BFE2AF2792C0072ADF7 /* Frameworks */,
				19744BFF2AF2792C0072ADF7 /* Resources */,
			);
			buildRules = (
			);
			dependencies = (
				19744C032AF2792C0072ADF7 /* PBXTargetDependency */,
			);
			name = AdventCalendar2023UITests;
			productName = AdventCalendar2023UITests;
			productReference = 19744C012AF2792C0072ADF7 /* AdventCalendar2023UITests.xctest */;
			productType = "com.apple.product-type.bundle.ui-testing";
		};
/* End PBXNativeTarget section */

/* Begin PBXProject section */
		19744BDC2AF2792B0072ADF7 /* Project object */ = {
			isa = PBXProject;
			attributes = {
				BuildIndependentTargetsInParallel = 1;
				LastSwiftUpdateCheck = 1500;
				LastUpgradeCheck = 1500;
				TargetAttributes = {
					19744BE32AF2792B0072ADF7 = {
						CreatedOnToolsVersion = 15.0.1;
					};
					19744BF62AF2792C0072ADF7 = {
						CreatedOnToolsVersion = 15.0.1;
						TestTargetID = 19744BE32AF2792B0072ADF7;
					};
					19744C002AF2792C0072ADF7 = {
						CreatedOnToolsVersion = 15.0.1;
						TestTargetID = 19744BE32AF2792B0072ADF7;
					};
				};
			};
			buildConfigurationList = 19744BDF2AF2792B0072ADF7 /* Build configuration list for PBXProject "AdventCalendar2023" */;
			compatibilityVersion = "Xcode 14.0";
			developmentRegion = en;
			hasScannedForEncodings = 0;
			knownRegions = (
				en,
				Base,
			);
			mainGroup = 19744BDB2AF2792B0072ADF7;
			productRefGroup = 19744BE52AF2792B0072ADF7 /* Products */;
			projectDirPath = "";
			projectRoot = "";
			targets = (
				19744BE32AF2792B0072ADF7 /* AdventCalendar2023 */,
				19744BF62AF2792C0072ADF7 /* AdventCalendar2023Tests */,
				19744C002AF2792C0072ADF7 /* AdventCalendar2023UITests */,
			);
		};
/* End PBXProject section */

/* Begin PBXResourcesBuildPhase section */
		19744BE22AF2792B0072ADF7 /* Resources */ = {
			isa = PBXResourcesBuildPhase;
			buildActionMask = 2147483647;
			files = (
				19744BF22AF2792C0072ADF7 /* Preview Assets.xcassets in Resources */,
				19744BEE2AF2792C0072ADF7 /* Assets.xcassets in Resources */,
			);
			runOnlyForDeploymentPostprocessing = 0;
		};
		19744BF52AF2792C0072ADF7 /* Resources */ = {
			isa = PBXResourcesBuildPhase;
			buildActionMask = 2147483647;
			files = (
			);
			runOnlyForDeploymentPostprocessing = 0;
		};
		19744BFF2AF2792C0072ADF7 /* Resources */ = {
			isa = PBXResourcesBuildPhase;
			buildActionMask = 2147483647;
			files = (
			);
			runOnlyForDeploymentPostprocessing = 0;
		};
/* End PBXResourcesBuildPhase section */

/* Begin PBXSourcesBuildPhase section */
		19744BE02AF2792B0072ADF7 /* Sources */ = {
			isa = PBXSourcesBuildPhase;
			buildActionMask = 2147483647;
			files = (
				19744BEA2AF2792B0072ADF7 /* ContentView.swift in Sources */,
				19C0AB812AF31561000277B1 /* TodoController.swift in Sources */,
				19744BEC2AF2792B0072ADF7 /* Todo.swift in Sources */,
				19C0AB832AF31A4E000277B1 /* DetailView.swift in Sources */,
				19744BE82AF2792B0072ADF7 /* AdventCalendar2023App.swift in Sources */,
			);
			runOnlyForDeploymentPostprocessing = 0;
		};
		19744BF32AF2792C0072ADF7 /* Sources */ = {
			isa = PBXSourcesBuildPhase;
			buildActionMask = 2147483647;
			files = (
				19744BFC2AF2792C0072ADF7 /* AdventCalendar2023Tests.swift in Sources */,
			);
			runOnlyForDeploymentPostprocessing = 0;
		};
		19744BFD2AF2792C0072ADF7 /* Sources */ = {
			isa = PBXSourcesBuildPhase;
			buildActionMask = 2147483647;
			files = (
				19744C062AF2792C0072ADF7 /* AdventCalendar2023UITests.swift in Sources */,
				19744C082AF2792C0072ADF7 /* AdventCalendar2023UITestsLaunchTests.swift in Sources */,
			);
			runOnlyForDeploymentPostprocessing = 0;
		};
/* End PBXSourcesBuildPhase section */

/* Begin PBXTargetDependency section */
		19744BF92AF2792C0072ADF7 /* PBXTargetDependency */ = {
			isa = PBXTargetDependency;
			target = 19744BE32AF2792B0072ADF7 /* AdventCalendar2023 */;
			targetProxy = 19744BF82AF2792C0072ADF7 /* PBXContainerItemProxy */;
		};
		19744C032AF2792C0072ADF7 /* PBXTargetDependency */ = {
			isa = PBXTargetDependency;
			target = 19744BE32AF2792B0072ADF7 /* AdventCalendar2023 */;
			targetProxy = 19744C022AF2792C0072ADF7 /* PBXContainerItemProxy */;
		};
/* End PBXTargetDependency section */

/* Begin XCBuildConfiguration section */
		19744C092AF2792C0072ADF7 /* Debug */ = {
			isa = XCBuildConfiguration;
			buildSettings = {
				ALWAYS_SEARCH_USER_PATHS = NO;
				ASSETCATALOG_COMPILER_GENERATE_SWIFT_ASSET_SYMBOL_EXTENSIONS = YES;
				CLANG_ANALYZER_NONNULL = YES;
				CLANG_ANALYZER_NUMBER_OBJECT_CONVERSION = YES_AGGRESSIVE;
				CLANG_CXX_LANGUAGE_STANDARD = "gnu++20";
				CLANG_ENABLE_MODULES = YES;
				CLANG_ENABLE_OBJC_ARC = YES;
				CLANG_ENABLE_OBJC_WEAK = YES;
				CLANG_WARN_BLOCK_CAPTURE_AUTORELEASING = YES;
				CLANG_WARN_BOOL_CONVERSION = YES;
				CLANG_WARN_COMMA = YES;
				CLANG_WARN_CONSTANT_CONVERSION = YES;
				CLANG_WARN_DEPRECATED_OBJC_IMPLEMENTATIONS = YES;
				CLANG_WARN_DIRECT_OBJC_ISA_USAGE = YES_ERROR;
				CLANG_WARN_DOCUMENTATION_COMMENTS = YES;
				CLANG_WARN_EMPTY_BODY = YES;
				CLANG_WARN_ENUM_CONVERSION = YES;
				CLANG_WARN_INFINITE_RECURSION = YES;
				CLANG_WARN_INT_CONVERSION = YES;
				CLANG_WARN_NON_LITERAL_NULL_CONVERSION = YES;
				CLANG_WARN_OBJC_IMPLICIT_RETAIN_SELF = YES;
				CLANG_WARN_OBJC_LITERAL_CONVERSION = YES;
				CLANG_WARN_OBJC_ROOT_CLASS = YES_ERROR;
				CLANG_WARN_QUOTED_INCLUDE_IN_FRAMEWORK_HEADER = YES;
				CLANG_WARN_RANGE_LOOP_ANALYSIS = YES;
				CLANG_WARN_STRICT_PROTOTYPES = YES;
				CLANG_WARN_SUSPICIOUS_MOVE = YES;
				CLANG_WARN_UNGUARDED_AVAILABILITY = YES_AGGRESSIVE;
				CLANG_WARN_UNREACHABLE_CODE = YES;
				CLANG_WARN__DUPLICATE_METHOD_MATCH = YES;
				COPY_PHASE_STRIP = NO;
				DEBUG_INFORMATION_FORMAT = dwarf;
				ENABLE_STRICT_OBJC_MSGSEND = YES;
				ENABLE_TESTABILITY = YES;
				ENABLE_USER_SCRIPT_SANDBOXING = YES;
				GCC_C_LANGUAGE_STANDARD = gnu17;
				GCC_DYNAMIC_NO_PIC = NO;
				GCC_NO_COMMON_BLOCKS = YES;
				GCC_OPTIMIZATION_LEVEL = 0;
				GCC_PREPROCESSOR_DEFINITIONS = (
					"DEBUG=1",
					"$(inherited)",
				);
				GCC_WARN_64_TO_32_BIT_CONVERSION = YES;
				GCC_WARN_ABOUT_RETURN_TYPE = YES_ERROR;
				GCC_WARN_UNDECLARED_SELECTOR = YES;
				GCC_WARN_UNINITIALIZED_AUTOS = YES_AGGRESSIVE;
				GCC_WARN_UNUSED_FUNCTION = YES;
				GCC_WARN_UNUSED_VARIABLE = YES;
				LOCALIZATION_PREFERS_STRING_CATALOGS = YES;
				MTL_ENABLE_DEBUG_INFO = INCLUDE_SOURCE;
				MTL_FAST_MATH = YES;
				ONLY_ACTIVE_ARCH = YES;
				SWIFT_ACTIVE_COMPILATION_CONDITIONS = "DEBUG $(inherited)";
				SWIFT_OPTIMIZATION_LEVEL = "-Onone";
			};
			name = Debug;
		};
		19744C0A2AF2792C0072ADF7 /* Release */ = {
			isa = XCBuildConfiguration;
			buildSettings = {
				ALWAYS_SEARCH_USER_PATHS = NO;
				ASSETCATALOG_COMPILER_GENERATE_SWIFT_ASSET_SYMBOL_EXTENSIONS = YES;
				CLANG_ANALYZER_NONNULL = YES;
				CLANG_ANALYZER_NUMBER_OBJECT_CONVERSION = YES_AGGRESSIVE;
				CLANG_CXX_LANGUAGE_STANDARD = "gnu++20";
				CLANG_ENABLE_MODULES = YES;
				CLANG_ENABLE_OBJC_ARC = YES;
				CLANG_ENABLE_OBJC_WEAK = YES;
				CLANG_WARN_BLOCK_CAPTURE_AUTORELEASING = YES;
				CLANG_WARN_BOOL_CONVERSION = YES;
				CLANG_WARN_COMMA = YES;
				CLANG_WARN_CONSTANT_CONVERSION = YES;
				CLANG_WARN_DEPRECATED_OBJC_IMPLEMENTATIONS = YES;
				CLANG_WARN_DIRECT_OBJC_ISA_USAGE = YES_ERROR;
				CLANG_WARN_DOCUMENTATION_COMMENTS = YES;
				CLANG_WARN_EMPTY_BODY = YES;
				CLANG_WARN_ENUM_CONVERSION = YES;
				CLANG_WARN_INFINITE_RECURSION = YES;
				CLANG_WARN_INT_CONVERSION = YES;
				CLANG_WARN_NON_LITERAL_NULL_CONVERSION = YES;
				CLANG_WARN_OBJC_IMPLICIT_RETAIN_SELF = YES;
				CLANG_WARN_OBJC_LITERAL_CONVERSION = YES;
				CLANG_WARN_OBJC_ROOT_CLASS = YES_ERROR;
				CLANG_WARN_QUOTED_INCLUDE_IN_FRAMEWORK_HEADER = YES;
				CLANG_WARN_RANGE_LOOP_ANALYSIS = YES;
				CLANG_WARN_STRICT_PROTOTYPES = YES;
				CLANG_WARN_SUSPICIOUS_MOVE = YES;
				CLANG_WARN_UNGUARDED_AVAILABILITY = YES_AGGRESSIVE;
				CLANG_WARN_UNREACHABLE_CODE = YES;
				CLANG_WARN__DUPLICATE_METHOD_MATCH = YES;
				COPY_PHASE_STRIP = NO;
				DEBUG_INFORMATION_FORMAT = "dwarf-with-dsym";
				ENABLE_NS_ASSERTIONS = NO;
				ENABLE_STRICT_OBJC_MSGSEND = YES;
				ENABLE_USER_SCRIPT_SANDBOXING = YES;
				GCC_C_LANGUAGE_STANDARD = gnu17;
				GCC_NO_COMMON_BLOCKS = YES;
				GCC_WARN_64_TO_32_BIT_CONVERSION = YES;
				GCC_WARN_ABOUT_RETURN_TYPE = YES_ERROR;
				GCC_WARN_UNDECLARED_SELECTOR = YES;
				GCC_WARN_UNINITIALIZED_AUTOS = YES_AGGRESSIVE;
				GCC_WARN_UNUSED_FUNCTION = YES;
				GCC_WARN_UNUSED_VARIABLE = YES;
				LOCALIZATION_PREFERS_STRING_CATALOGS = YES;
				MTL_ENABLE_DEBUG_INFO = NO;
				MTL_FAST_MATH = YES;
				SWIFT_COMPILATION_MODE = wholemodule;
			};
			name = Release;
		};
		19744C0C2AF2792C0072ADF7 /* Debug */ = {
			isa = XCBuildConfiguration;
			buildSettings = {
				ASSETCATALOG_COMPILER_APPICON_NAME = AppIcon;
				ASSETCATALOG_COMPILER_GLOBAL_ACCENT_COLOR_NAME = AccentColor;
				CODE_SIGN_ENTITLEMENTS = AdventCalendar2023/AdventCalendar2023.entitlements;
				CODE_SIGN_STYLE = Automatic;
				CURRENT_PROJECT_VERSION = 1;
				DEVELOPMENT_ASSET_PATHS = "\"AdventCalendar2023/Preview Content\"";
				DEVELOPMENT_TEAM = 7824FD4UTY;
				ENABLE_HARDENED_RUNTIME = YES;
				ENABLE_PREVIEWS = YES;
				GENERATE_INFOPLIST_FILE = YES;
				"INFOPLIST_KEY_UIApplicationSceneManifest_Generation[sdk=iphoneos*]" = YES;
				"INFOPLIST_KEY_UIApplicationSceneManifest_Generation[sdk=iphonesimulator*]" = YES;
				"INFOPLIST_KEY_UIApplicationSupportsIndirectInputEvents[sdk=iphoneos*]" = YES;
				"INFOPLIST_KEY_UIApplicationSupportsIndirectInputEvents[sdk=iphonesimulator*]" = YES;
				"INFOPLIST_KEY_UILaunchScreen_Generation[sdk=iphoneos*]" = YES;
				"INFOPLIST_KEY_UILaunchScreen_Generation[sdk=iphonesimulator*]" = YES;
				"INFOPLIST_KEY_UIStatusBarStyle[sdk=iphoneos*]" = UIStatusBarStyleDefault;
				"INFOPLIST_KEY_UIStatusBarStyle[sdk=iphonesimulator*]" = UIStatusBarStyleDefault;
				INFOPLIST_KEY_UISupportedInterfaceOrientations_iPad = "UIInterfaceOrientationPortrait UIInterfaceOrientationPortraitUpsideDown UIInterfaceOrientationLandscapeLeft UIInterfaceOrientationLandscapeRight";
				INFOPLIST_KEY_UISupportedInterfaceOrientations_iPhone = "UIInterfaceOrientationPortrait UIInterfaceOrientationLandscapeLeft UIInterfaceOrientationLandscapeRight";
				IPHONEOS_DEPLOYMENT_TARGET = 17.0;
				LD_RUNPATH_SEARCH_PATHS = "@executable_path/Frameworks";
				"LD_RUNPATH_SEARCH_PATHS[sdk=macosx*]" = "@executable_path/../Frameworks";
				MACOSX_DEPLOYMENT_TARGET = 14.0;
				MARKETING_VERSION = 1.0;
				PRODUCT_BUNDLE_IDENTIFIER = app.project.AdventCalendar2023;
				PRODUCT_NAME = "$(TARGET_NAME)";
				SDKROOT = auto;
				SUPPORTED_PLATFORMS = "iphoneos iphonesimulator macosx";
				SWIFT_EMIT_LOC_STRINGS = YES;
				SWIFT_VERSION = 5.0;
				TARGETED_DEVICE_FAMILY = "1,2";
			};
			name = Debug;
		};
		19744C0D2AF2792C0072ADF7 /* Release */ = {
			isa = XCBuildConfiguration;
			buildSettings = {
				ASSETCATALOG_COMPILER_APPICON_NAME = AppIcon;
				ASSETCATALOG_COMPILER_GLOBAL_ACCENT_COLOR_NAME = AccentColor;
				CODE_SIGN_ENTITLEMENTS = AdventCalendar2023/AdventCalendar2023.entitlements;
				CODE_SIGN_STYLE = Automatic;
				CURRENT_PROJECT_VERSION = 1;
				DEVELOPMENT_ASSET_PATHS = "\"AdventCalendar2023/Preview Content\"";
				DEVELOPMENT_TEAM = 7824FD4UTY;
				ENABLE_HARDENED_RUNTIME = YES;
				ENABLE_PREVIEWS = YES;
				GENERATE_INFOPLIST_FILE = YES;
				"INFOPLIST_KEY_UIApplicationSceneManifest_Generation[sdk=iphoneos*]" = YES;
				"INFOPLIST_KEY_UIApplicationSceneManifest_Generation[sdk=iphonesimulator*]" = YES;
				"INFOPLIST_KEY_UIApplicationSupportsIndirectInputEvents[sdk=iphoneos*]" = YES;
				"INFOPLIST_KEY_UIApplicationSupportsIndirectInputEvents[sdk=iphonesimulator*]" = YES;
				"INFOPLIST_KEY_UILaunchScreen_Generation[sdk=iphoneos*]" = YES;
				"INFOPLIST_KEY_UILaunchScreen_Generation[sdk=iphonesimulator*]" = YES;
				"INFOPLIST_KEY_UIStatusBarStyle[sdk=iphoneos*]" = UIStatusBarStyleDefault;
				"INFOPLIST_KEY_UIStatusBarStyle[sdk=iphonesimulator*]" = UIStatusBarStyleDefault;
				INFOPLIST_KEY_UISupportedInterfaceOrientations_iPad = "UIInterfaceOrientationPortrait UIInterfaceOrientationPortraitUpsideDown UIInterfaceOrientationLandscapeLeft UIInterfaceOrientationLandscapeRight";
				INFOPLIST_KEY_UISupportedInterfaceOrientations_iPhone = "UIInterfaceOrientationPortrait UIInterfaceOrientationLandscapeLeft UIInterfaceOrientationLandscapeRight";
				IPHONEOS_DEPLOYMENT_TARGET = 17.0;
				LD_RUNPATH_SEARCH_PATHS = "@executable_path/Frameworks";
				"LD_RUNPATH_SEARCH_PATHS[sdk=macosx*]" = "@executable_path/../Frameworks";
				MACOSX_DEPLOYMENT_TARGET = 14.0;
				MARKETING_VERSION = 1.0;
				PRODUCT_BUNDLE_IDENTIFIER = app.project.AdventCalendar2023;
				PRODUCT_NAME = "$(TARGET_NAME)";
				SDKROOT = auto;
				SUPPORTED_PLATFORMS = "iphoneos iphonesimulator macosx";
				SWIFT_EMIT_LOC_STRINGS = YES;
				SWIFT_VERSION = 5.0;
				TARGETED_DEVICE_FAMILY = "1,2";
			};
			name = Release;
		};
		19744C0F2AF2792C0072ADF7 /* Debug */ = {
			isa = XCBuildConfiguration;
			buildSettings = {
				ALWAYS_EMBED_SWIFT_STANDARD_LIBRARIES = YES;
				BUNDLE_LOADER = "$(TEST_HOST)";
				CODE_SIGN_STYLE = Automatic;
				CURRENT_PROJECT_VERSION = 1;
				DEVELOPMENT_TEAM = 7824FD4UTY;
				GENERATE_INFOPLIST_FILE = YES;
				IPHONEOS_DEPLOYMENT_TARGET = 17.0;
				MACOSX_DEPLOYMENT_TARGET = 13.5;
				MARKETING_VERSION = 1.0;
				PRODUCT_BUNDLE_IDENTIFIER = app.project.AdventCalendar2023Tests;
				PRODUCT_NAME = "$(TARGET_NAME)";
				SDKROOT = auto;
				SUPPORTED_PLATFORMS = "iphoneos iphonesimulator macosx";
				SWIFT_EMIT_LOC_STRINGS = NO;
				SWIFT_VERSION = 5.0;
				TARGETED_DEVICE_FAMILY = "1,2";
				TEST_HOST = "$(BUILT_PRODUCTS_DIR)/AdventCalendar2023.app/$(BUNDLE_EXECUTABLE_FOLDER_PATH)/AdventCalendar2023";
			};
			name = Debug;
		};
		19744C102AF2792C0072ADF7 /* Release */ = {
			isa = XCBuildConfiguration;
			buildSettings = {
				ALWAYS_EMBED_SWIFT_STANDARD_LIBRARIES = YES;
				BUNDLE_LOADER = "$(TEST_HOST)";
				CODE_SIGN_STYLE = Automatic;
				CURRENT_PROJECT_VERSION = 1;
				DEVELOPMENT_TEAM = 7824FD4UTY;
				GENERATE_INFOPLIST_FILE = YES;
				IPHONEOS_DEPLOYMENT_TARGET = 17.0;
				MACOSX_DEPLOYMENT_TARGET = 13.5;
				MARKETING_VERSION = 1.0;
				PRODUCT_BUNDLE_IDENTIFIER = app.project.AdventCalendar2023Tests;
				PRODUCT_NAME = "$(TARGET_NAME)";
				SDKROOT = auto;
				SUPPORTED_PLATFORMS = "iphoneos iphonesimulator macosx";
				SWIFT_EMIT_LOC_STRINGS = NO;
				SWIFT_VERSION = 5.0;
				TARGETED_DEVICE_FAMILY = "1,2";
				TEST_HOST = "$(BUILT_PRODUCTS_DIR)/AdventCalendar2023.app/$(BUNDLE_EXECUTABLE_FOLDER_PATH)/AdventCalendar2023";
			};
			name = Release;
		};
		19744C122AF2792C0072ADF7 /* Debug */ = {
			isa = XCBuildConfiguration;
			buildSettings = {
				ALWAYS_EMBED_SWIFT_STANDARD_LIBRARIES = YES;
				CODE_SIGN_STYLE = Automatic;
				CURRENT_PROJECT_VERSION = 1;
				DEVELOPMENT_TEAM = 7824FD4UTY;
				GENERATE_INFOPLIST_FILE = YES;
				IPHONEOS_DEPLOYMENT_TARGET = 17.0;
				MACOSX_DEPLOYMENT_TARGET = 13.5;
				MARKETING_VERSION = 1.0;
				PRODUCT_BUNDLE_IDENTIFIER = app.project.AdventCalendar2023UITests;
				PRODUCT_NAME = "$(TARGET_NAME)";
				SDKROOT = auto;
				SUPPORTED_PLATFORMS = "iphoneos iphonesimulator macosx";
				SWIFT_EMIT_LOC_STRINGS = NO;
				SWIFT_VERSION = 5.0;
				TARGETED_DEVICE_FAMILY = "1,2";
				TEST_TARGET_NAME = AdventCalendar2023;
			};
			name = Debug;
		};
		19744C132AF2792C0072ADF7 /* Release */ = {
			isa = XCBuildConfiguration;
			buildSettings = {
				ALWAYS_EMBED_SWIFT_STANDARD_LIBRARIES = YES;
				CODE_SIGN_STYLE = Automatic;
				CURRENT_PROJECT_VERSION = 1;
				DEVELOPMENT_TEAM = 7824FD4UTY;
				GENERATE_INFOPLIST_FILE = YES;
				IPHONEOS_DEPLOYMENT_TARGET = 17.0;
				MACOSX_DEPLOYMENT_TARGET = 13.5;
				MARKETING_VERSION = 1.0;
				PRODUCT_BUNDLE_IDENTIFIER = app.project.AdventCalendar2023UITests;
				PRODUCT_NAME = "$(TARGET_NAME)";
				SDKROOT = auto;
				SUPPORTED_PLATFORMS = "iphoneos iphonesimulator macosx";
				SWIFT_EMIT_LOC_STRINGS = NO;
				SWIFT_VERSION = 5.0;
				TARGETED_DEVICE_FAMILY = "1,2";
				TEST_TARGET_NAME = AdventCalendar2023;
			};
			name = Release;
		};
/* End XCBuildConfiguration section */

/* Begin XCConfigurationList section */
		19744BDF2AF2792B0072ADF7 /* Build configuration list for PBXProject "AdventCalendar2023" */ = {
			isa = XCConfigurationList;
			buildConfigurations = (
				19744C092AF2792C0072ADF7 /* Debug */,
				19744C0A2AF2792C0072ADF7 /* Release */,
			);
			defaultConfigurationIsVisible = 0;
			defaultConfigurationName = Release;
		};
		19744C0B2AF2792C0072ADF7 /* Build configuration list for PBXNativeTarget "AdventCalendar2023" */ = {
			isa = XCConfigurationList;
			buildConfigurations = (
				19744C0C2AF2792C0072ADF7 /* Debug */,
				19744C0D2AF2792C0072ADF7 /* Release */,
			);
			defaultConfigurationIsVisible = 0;
			defaultConfigurationName = Release;
		};
		19744C0E2AF2792C0072ADF7 /* Build configuration list for PBXNativeTarget "AdventCalendar2023Tests" */ = {
			isa = XCConfigurationList;
			buildConfigurations = (
				19744C0F2AF2792C0072ADF7 /* Debug */,
				19744C102AF2792C0072ADF7 /* Release */,
			);
			defaultConfigurationIsVisible = 0;
			defaultConfigurationName = Release;
		};
		19744C112AF2792C0072ADF7 /* Build configuration list for PBXNativeTarget "AdventCalendar2023UITests" */ = {
			isa = XCConfigurationList;
			buildConfigurations = (
				19744C122AF2792C0072ADF7 /* Debug */,
				19744C132AF2792C0072ADF7 /* Release */,
			);
			defaultConfigurationIsVisible = 0;
			defaultConfigurationName = Release;
		};
/* End XCConfigurationList section */
	};
	rootObject = 19744BDC2AF2792B0072ADF7 /* Project object */;
}
